
Microsoft Visual Studio Solution File, Format Version 12.00
# Visual Studio Version 16
VisualStudioVersion = 16.0.29905.134
MinimumVisualStudioVersion = 10.0.40219.1
Project("{FAE04EC0-301F-11D3-BF4B-00C04F79EFBC}") = "Ex.1-SumOfEven", "Ex.1-SumOfEven\Ex.1-SumOfEven.csproj", "{B81C9D96-A48B-4864-815E-886BECDD7E66}"
EndProject
Project("{FAE04EC0-301F-11D3-BF4B-00C04F79EFBC}") = "Ex.2 StudentGroup", "Ex.2 StudentGroup\Ex.2 StudentGroup.csproj", "{BC48C90B-D367-41ED-9563-3C3F44DDDF05}"
EndProject
Global
	GlobalSection(SolutionConfigurationPlatforms) = preSolution
		Debug|Any CPU = Debug|Any CPU
		Release|Any CPU = Release|Any CPU
	EndGlobalSection
	GlobalSection(ProjectConfigurationPlatforms) = postSolution
		{B81C9D96-A48B-4864-815E-886BECDD7E66}.Debug|Any CPU.ActiveCfg = Debug|Any CPU
		{B81C9D96-A48B-4864-815E-886BECDD7E66}.Debug|Any CPU.Build.0 = Debug|Any CPU
		{B81C9D96-A48B-4864-815E-886BECDD7E66}.Release|Any CPU.ActiveCfg = Release|Any CPU
		{B81C9D96-A48B-4864-815E-886BECDD7E66}.Release|Any CPU.Build.0 = Release|Any CPU
		{BC48C90B-D367-41ED-9563-3C3F44DDDF05}.Debug|Any CPU.ActiveCfg = Debug|Any CPU
		{BC48C90B-D367-41ED-9563-3C3F44DDDF05}.Debug|Any CPU.Build.0 = Debug|Any CPU
		{BC48C90B-D367-41ED-9563-3C3F44DDDF05}.Release|Any CPU.ActiveCfg = Release|Any CPU
		{BC48C90B-D367-41ED-9563-3C3F44DDDF05}.Release|Any CPU.Build.0 = Release|Any CPU
	EndGlobalSection
	GlobalSection(SolutionProperties) = preSolution
		HideSolutionNode = FALSE
	EndGlobalSection
	GlobalSection(ExtensibilityGlobals) = postSolution
		SolutionGuid = {32E28D1B-EA16-4251-AE3B-2121F274C63A}
	EndGlobalSection
EndGlobal
